
Microsoft Visual Studio Solution File, Format Version 12.00
# Visual Studio Version 16
VisualStudioVersion = 25.0.1700.6
MinimumVisualStudioVersion = 10.0.40219.1
Project("{FAE04EC0-301F-11D3-BF4B-00C04F79EFBC}") = "JokesWebApp", "JokesWebApp\JokesWebApp.csproj", "{39B864A8-AB0B-48DD-AC73-2D82413D1C1C}"
EndProject
Global
	GlobalSection(SolutionConfigurationPlatforms) = preSolution
		Debug|Any CPU = Debug|Any CPU
		Release|Any CPU = Release|Any CPU
	EndGlobalSection
	GlobalSection(ProjectConfigurationPlatforms) = postSolution
		{39B864A8-AB0B-48DD-AC73-2D82413D1C1C}.Debug|Any CPU.ActiveCfg = Debug|Any CPU
		{39B864A8-AB0B-48DD-AC73-2D82413D1C1C}.Debug|Any CPU.Build.0 = Debug|Any CPU
		{39B864A8-AB0B-48DD-AC73-2D82413D1C1C}.Release|Any CPU.ActiveCfg = Release|Any CPU
		{39B864A8-AB0B-48DD-AC73-2D82413D1C1C}.Release|Any CPU.Build.0 = Release|Any CPU
	EndGlobalSection
	GlobalSection(SolutionProperties) = preSolution
		HideSolutionNode = FALSE
	EndGlobalSection
	GlobalSection(ExtensibilityGlobals) = postSolution
		SolutionGuid = {EB475E6D-85ED-4118-A8A6-F081C2F64961}
	EndGlobalSection
EndGlobal
